// !$*UTF8*$!
{
	archiveVersion = 1;
	classes = {
	};
	objectVersion = 56;
	objects = {

/* Begin PBXBuildFile section */
		F90865D12A062D3000E6F589 /* SwiftUIBootcampApp.swift in Sources */ = {isa = PBXBuildFile; fileRef = F90865D02A062D3000E6F589 /* SwiftUIBootcampApp.swift */; };
		F90865D32A062D3000E6F589 /* ContentView.swift in Sources */ = {isa = PBXBuildFile; fileRef = F90865D22A062D3000E6F589 /* ContentView.swift */; };
		F90865D52A062D3100E6F589 /* Assets.xcassets in Resources */ = {isa = PBXBuildFile; fileRef = F90865D42A062D3100E6F589 /* Assets.xcassets */; };
		F90865D82A062D3100E6F589 /* Preview Assets.xcassets in Resources */ = {isa = PBXBuildFile; fileRef = F90865D72A062D3100E6F589 /* Preview Assets.xcassets */; };
		F90865E02A062F4C00E6F589 /* QRCodeView.swift in Sources */ = {isa = PBXBuildFile; fileRef = F90865DF2A062F4C00E6F589 /* QRCodeView.swift */; };
		F90865E22A06360500E6F589 /* MainView.swift in Sources */ = {isa = PBXBuildFile; fileRef = F90865E12A06360500E6F589 /* MainView.swift */; };
		F90865E52A08D59000E6F589 /* Extensions.swift in Sources */ = {isa = PBXBuildFile; fileRef = F90865E42A08D59000E6F589 /* Extensions.swift */; };
		F90865E72A08D93100E6F589 /* ViewModifiers.swift in Sources */ = {isa = PBXBuildFile; fileRef = F90865E62A08D93100E6F589 /* ViewModifiers.swift */; };
		F9AD55282A0A2AC100B5898C /* CreditCardView.swift in Sources */ = {isa = PBXBuildFile; fileRef = F9AD55272A0A2AC100B5898C /* CreditCardView.swift */; };
		F9AD55372A0B384200B5898C /* TabPosition.swift in Sources */ = {isa = PBXBuildFile; fileRef = F9AD55342A0B384200B5898C /* TabPosition.swift */; };
		F9AD55382A0B384200B5898C /* CustomTabView.swift in Sources */ = {isa = PBXBuildFile; fileRef = F9AD55352A0B384200B5898C /* CustomTabView.swift */; };
		F9AD55392A0B384200B5898C /* TabShape.swift in Sources */ = {isa = PBXBuildFile; fileRef = F9AD55362A0B384200B5898C /* TabShape.swift */; };
		F9AD55672A130A2300B5898C /* BellView.swift in Sources */ = {isa = PBXBuildFile; fileRef = F9AD55662A130A2300B5898C /* BellView.swift */; };
		F9AD55692A1312FB00B5898C /* ClockView.swift in Sources */ = {isa = PBXBuildFile; fileRef = F9AD55682A1312FB00B5898C /* ClockView.swift */; };
		F9B5D51D2A135E0300F2B4CB /* CircularSliderView.swift in Sources */ = {isa = PBXBuildFile; fileRef = F9B5D51C2A135E0300F2B4CB /* CircularSliderView.swift */; };
		F9B5D51F2A247A7800F2B4CB /* ElasticScrollView.swift in Sources */ = {isa = PBXBuildFile; fileRef = F9B5D51E2A247A7800F2B4CB /* ElasticScrollView.swift */; };
		F9B5D5212A247DFC00F2B4CB /* OffsetHelper.swift in Sources */ = {isa = PBXBuildFile; fileRef = F9B5D5202A247DFC00F2B4CB /* OffsetHelper.swift */; };
		F9B5D5232A24815900F2B4CB /* View_Extensions.swift in Sources */ = {isa = PBXBuildFile; fileRef = F9B5D5222A24815900F2B4CB /* View_Extensions.swift */; };
		F9B5D5252A282BA500F2B4CB /* StickyHeaderView.swift in Sources */ = {isa = PBXBuildFile; fileRef = F9B5D5242A282BA500F2B4CB /* StickyHeaderView.swift */; };
		F9B5D5282A28306000F2B4CB /* ScrollDetector.swift in Sources */ = {isa = PBXBuildFile; fileRef = F9B5D5272A28306000F2B4CB /* ScrollDetector.swift */; };
/* End PBXBuildFile section */

/* Begin PBXFileReference section */
		F90865CD2A062D3000E6F589 /* SwiftUIBootcamp.app */ = {isa = PBXFileReference; explicitFileType = wrapper.application; includeInIndex = 0; path = SwiftUIBootcamp.app; sourceTree = BUILT_PRODUCTS_DIR; };
		F90865D02A062D3000E6F589 /* SwiftUIBootcampApp.swift */ = {isa = PBXFileReference; lastKnownFileType = sourcecode.swift; path = SwiftUIBootcampApp.swift; sourceTree = "<group>"; };
		F90865D22A062D3000E6F589 /* ContentView.swift */ = {isa = PBXFileReference; lastKnownFileType = sourcecode.swift; path = ContentView.swift; sourceTree = "<group>"; };
		F90865D42A062D3100E6F589 /* Assets.xcassets */ = {isa = PBXFileReference; lastKnownFileType = folder.assetcatalog; path = Assets.xcassets; sourceTree = "<group>"; };
		F90865D72A062D3100E6F589 /* Preview Assets.xcassets */ = {isa = PBXFileReference; lastKnownFileType = folder.assetcatalog; path = "Preview Assets.xcassets"; sourceTree = "<group>"; };
		F90865DF2A062F4C00E6F589 /* QRCodeView.swift */ = {isa = PBXFileReference; lastKnownFileType = sourcecode.swift; path = QRCodeView.swift; sourceTree = "<group>"; };
		F90865E12A06360500E6F589 /* MainView.swift */ = {isa = PBXFileReference; lastKnownFileType = sourcecode.swift; path = MainView.swift; sourceTree = "<group>"; };
		F90865E42A08D59000E6F589 /* Extensions.swift */ = {isa = PBXFileReference; lastKnownFileType = sourcecode.swift; path = Extensions.swift; sourceTree = "<group>"; };
		F90865E62A08D93100E6F589 /* ViewModifiers.swift */ = {isa = PBXFileReference; lastKnownFileType = sourcecode.swift; path = ViewModifiers.swift; sourceTree = "<group>"; };
		F9AD55272A0A2AC100B5898C /* CreditCardView.swift */ = {isa = PBXFileReference; lastKnownFileType = sourcecode.swift; path = CreditCardView.swift; sourceTree = "<group>"; };
		F9AD55342A0B384200B5898C /* TabPosition.swift */ = {isa = PBXFileReference; fileEncoding = 4; lastKnownFileType = sourcecode.swift; path = TabPosition.swift; sourceTree = "<group>"; };
		F9AD55352A0B384200B5898C /* CustomTabView.swift */ = {isa = PBXFileReference; fileEncoding = 4; lastKnownFileType = sourcecode.swift; path = CustomTabView.swift; sourceTree = "<group>"; };
		F9AD55362A0B384200B5898C /* TabShape.swift */ = {isa = PBXFileReference; fileEncoding = 4; lastKnownFileType = sourcecode.swift; path = TabShape.swift; sourceTree = "<group>"; };
		F9AD55662A130A2300B5898C /* BellView.swift */ = {isa = PBXFileReference; lastKnownFileType = sourcecode.swift; path = BellView.swift; sourceTree = "<group>"; };
		F9AD55682A1312FB00B5898C /* ClockView.swift */ = {isa = PBXFileReference; lastKnownFileType = sourcecode.swift; path = ClockView.swift; sourceTree = "<group>"; };
		F9AD556A2A1321DA00B5898C /* Info.plist */ = {isa = PBXFileReference; lastKnownFileType = text.plist; path = Info.plist; sourceTree = "<group>"; };
		F9B5D51C2A135E0300F2B4CB /* CircularSliderView.swift */ = {isa = PBXFileReference; lastKnownFileType = sourcecode.swift; path = CircularSliderView.swift; sourceTree = "<group>"; };
		F9B5D51E2A247A7800F2B4CB /* ElasticScrollView.swift */ = {isa = PBXFileReference; lastKnownFileType = sourcecode.swift; path = ElasticScrollView.swift; sourceTree = "<group>"; };
		F9B5D5202A247DFC00F2B4CB /* OffsetHelper.swift */ = {isa = PBXFileReference; lastKnownFileType = sourcecode.swift; path = OffsetHelper.swift; sourceTree = "<group>"; };
		F9B5D5222A24815900F2B4CB /* View_Extensions.swift */ = {isa = PBXFileReference; lastKnownFileType = sourcecode.swift; path = View_Extensions.swift; sourceTree = "<group>"; };
		F9B5D5242A282BA500F2B4CB /* StickyHeaderView.swift */ = {isa = PBXFileReference; lastKnownFileType = sourcecode.swift; path = StickyHeaderView.swift; sourceTree = "<group>"; };
		F9B5D5272A28306000F2B4CB /* ScrollDetector.swift */ = {isa = PBXFileReference; lastKnownFileType = sourcecode.swift; path = ScrollDetector.swift; sourceTree = "<group>"; };
/* End PBXFileReference section */

/* Begin PBXFrameworksBuildPhase section */
		F90865CA2A062D3000E6F589 /* Frameworks */ = {
			isa = PBXFrameworksBuildPhase;
			buildActionMask = 2147483647;
			files = (
			);
			runOnlyForDeploymentPostprocessing = 0;
		};
/* End PBXFrameworksBuildPhase section */

/* Begin PBXGroup section */
		F90865C42A062D3000E6F589 = {
			isa = PBXGroup;
			children = (
				F90865CF2A062D3000E6F589 /* SwiftUIBootcamp */,
				F90865CE2A062D3000E6F589 /* Products */,
			);
			sourceTree = "<group>";
		};
		F90865CE2A062D3000E6F589 /* Products */ = {
			isa = PBXGroup;
			children = (
				F90865CD2A062D3000E6F589 /* SwiftUIBootcamp.app */,
			);
			name = Products;
			sourceTree = "<group>";
		};
		F90865CF2A062D3000E6F589 /* SwiftUIBootcamp */ = {
			isa = PBXGroup;
			children = (
				F9AD556A2A1321DA00B5898C /* Info.plist */,
				F90865E32A08D58200E6F589 /* Helper */,
				F90865D02A062D3000E6F589 /* SwiftUIBootcampApp.swift */,
				F90865DE2A062E8E00E6F589 /* Views */,
				F90865D42A062D3100E6F589 /* Assets.xcassets */,
				F90865D62A062D3100E6F589 /* Preview Content */,
			);
			path = SwiftUIBootcamp;
			sourceTree = "<group>";
		};
		F90865D62A062D3100E6F589 /* Preview Content */ = {
			isa = PBXGroup;
			children = (
				F90865D72A062D3100E6F589 /* Preview Assets.xcassets */,
			);
			path = "Preview Content";
			sourceTree = "<group>";
		};
		F90865DE2A062E8E00E6F589 /* Views */ = {
			isa = PBXGroup;
			children = (
				F90865D22A062D3000E6F589 /* ContentView.swift */,
				F90865E12A06360500E6F589 /* MainView.swift */,
				F90865DF2A062F4C00E6F589 /* QRCodeView.swift */,
				F9AD55272A0A2AC100B5898C /* CreditCardView.swift */,
				F9AD55352A0B384200B5898C /* CustomTabView.swift */,
				F9AD55662A130A2300B5898C /* BellView.swift */,
				F9AD55682A1312FB00B5898C /* ClockView.swift */,
				F9B5D51C2A135E0300F2B4CB /* CircularSliderView.swift */,
				F9B5D51E2A247A7800F2B4CB /* ElasticScrollView.swift */,
				F9B5D5242A282BA500F2B4CB /* StickyHeaderView.swift */,
			);
			path = Views;
			sourceTree = "<group>";
		};
		F90865E32A08D58200E6F589 /* Helper */ = {
			isa = PBXGroup;
			children = (
				F90865E42A08D59000E6F589 /* Extensions.swift */,
				F90865E62A08D93100E6F589 /* ViewModifiers.swift */,
				F9AD55342A0B384200B5898C /* TabPosition.swift */,
				F9AD55362A0B384200B5898C /* TabShape.swift */,
				F9B5D5202A247DFC00F2B4CB /* OffsetHelper.swift */,
				F9B5D5222A24815900F2B4CB /* View_Extensions.swift */,
				F9B5D5272A28306000F2B4CB /* ScrollDetector.swift */,
			);
			path = Helper;
			sourceTree = "<group>";
		};
/* End PBXGroup section */

/* Begin PBXNativeTarget section */
		F90865CC2A062D3000E6F589 /* SwiftUIBootcamp */ = {
			isa = PBXNativeTarget;
			buildConfigurationList = F90865DB2A062D3100E6F589 /* Build configuration list for PBXNativeTarget "SwiftUIBootcamp" */;
			buildPhases = (
				F90865C92A062D3000E6F589 /* Sources */,
				F90865CA2A062D3000E6F589 /* Frameworks */,
				F90865CB2A062D3000E6F589 /* Resources */,
			);
			buildRules = (
			);
			dependencies = (
			);
			name = SwiftUIBootcamp;
			productName = SwiftUIBootcamp;
			productReference = F90865CD2A062D3000E6F589 /* SwiftUIBootcamp.app */;
			productType = "com.apple.product-type.application";
		};
/* End PBXNativeTarget section */

/* Begin PBXProject section */
		F90865C52A062D3000E6F589 /* Project object */ = {
			isa = PBXProject;
			attributes = {
				BuildIndependentTargetsInParallel = 1;
				LastSwiftUpdateCheck = 1420;
				LastUpgradeCheck = 1420;
				TargetAttributes = {
					F90865CC2A062D3000E6F589 = {
						CreatedOnToolsVersion = 14.2;
					};
				};
			};
			buildConfigurationList = F90865C82A062D3000E6F589 /* Build configuration list for PBXProject "SwiftUIBootcamp" */;
			compatibilityVersion = "Xcode 14.0";
			developmentRegion = en;
			hasScannedForEncodings = 0;
			knownRegions = (
				en,
				Base,
			);
			mainGroup = F90865C42A062D3000E6F589;
			productRefGroup = F90865CE2A062D3000E6F589 /* Products */;
			projectDirPath = "";
			projectRoot = "";
			targets = (
				F90865CC2A062D3000E6F589 /* SwiftUIBootcamp */,
			);
		};
/* End PBXProject section */

/* Begin PBXResourcesBuildPhase section */
		F90865CB2A062D3000E6F589 /* Resources */ = {
			isa = PBXResourcesBuildPhase;
			buildActionMask = 2147483647;
			files = (
				F90865D82A062D3100E6F589 /* Preview Assets.xcassets in Resources */,
				F90865D52A062D3100E6F589 /* Assets.xcassets in Resources */,
			);
			runOnlyForDeploymentPostprocessing = 0;
		};
/* End PBXResourcesBuildPhase section */

/* Begin PBXSourcesBuildPhase section */
		F90865C92A062D3000E6F589 /* Sources */ = {
			isa = PBXSourcesBuildPhase;
			buildActionMask = 2147483647;
			files = (
				F9AD55372A0B384200B5898C /* TabPosition.swift in Sources */,
				F9AD55692A1312FB00B5898C /* ClockView.swift in Sources */,
				F9B5D5282A28306000F2B4CB /* ScrollDetector.swift in Sources */,
				F9AD55282A0A2AC100B5898C /* CreditCardView.swift in Sources */,
				F9B5D51F2A247A7800F2B4CB /* ElasticScrollView.swift in Sources */,
				F9AD55672A130A2300B5898C /* BellView.swift in Sources */,
				F90865E52A08D59000E6F589 /* Extensions.swift in Sources */,
				F90865E02A062F4C00E6F589 /* QRCodeView.swift in Sources */,
				F90865E22A06360500E6F589 /* MainView.swift in Sources */,
				F9B5D5252A282BA500F2B4CB /* StickyHeaderView.swift in Sources */,
				F90865E72A08D93100E6F589 /* ViewModifiers.swift in Sources */,
				F9AD55382A0B384200B5898C /* CustomTabView.swift in Sources */,
				F9B5D5232A24815900F2B4CB /* View_Extensions.swift in Sources */,
				F90865D32A062D3000E6F589 /* ContentView.swift in Sources */,
				F9B5D5212A247DFC00F2B4CB /* OffsetHelper.swift in Sources */,
				F9B5D51D2A135E0300F2B4CB /* CircularSliderView.swift in Sources */,
				F90865D12A062D3000E6F589 /* SwiftUIBootcampApp.swift in Sources */,
				F9AD55392A0B384200B5898C /* TabShape.swift in Sources */,
			);
			runOnlyForDeploymentPostprocessing = 0;
		};
/* End PBXSourcesBuildPhase section */

/* Begin XCBuildConfiguration section */
		F90865D92A062D3100E6F589 /* Debug */ = {
			isa = XCBuildConfiguration;
			buildSettings = {
				ALWAYS_SEARCH_USER_PATHS = NO;
				CLANG_ANALYZER_NONNULL = YES;
				CLANG_ANALYZER_NUMBER_OBJECT_CONVERSION = YES_AGGRESSIVE;
				CLANG_CXX_LANGUAGE_STANDARD = "gnu++20";
				CLANG_ENABLE_MODULES = YES;
				CLANG_ENABLE_OBJC_ARC = YES;
				CLANG_ENABLE_OBJC_WEAK = YES;
				CLANG_WARN_BLOCK_CAPTURE_AUTORELEASING = YES;
				CLANG_WARN_BOOL_CONVERSION = YES;
				CLANG_WARN_COMMA = YES;
				CLANG_WARN_CONSTANT_CONVERSION = YES;
				CLANG_WARN_DEPRECATED_OBJC_IMPLEMENTATIONS = YES;
				CLANG_WARN_DIRECT_OBJC_ISA_USAGE = YES_ERROR;
				CLANG_WARN_DOCUMENTATION_COMMENTS = YES;
				CLANG_WARN_EMPTY_BODY = YES;
				CLANG_WARN_ENUM_CONVERSION = YES;
				CLANG_WARN_INFINITE_RECURSION = YES;
				CLANG_WARN_INT_CONVERSION = YES;
				CLANG_WARN_NON_LITERAL_NULL_CONVERSION = YES;
				CLANG_WARN_OBJC_IMPLICIT_RETAIN_SELF = YES;
				CLANG_WARN_OBJC_LITERAL_CONVERSION = YES;
				CLANG_WARN_OBJC_ROOT_CLASS = YES_ERROR;
				CLANG_WARN_QUOTED_INCLUDE_IN_FRAMEWORK_HEADER = YES;
				CLANG_WARN_RANGE_LOOP_ANALYSIS = YES;
				CLANG_WARN_STRICT_PROTOTYPES = YES;
				CLANG_WARN_SUSPICIOUS_MOVE = YES;
				CLANG_WARN_UNGUARDED_AVAILABILITY = YES_AGGRESSIVE;
				CLANG_WARN_UNREACHABLE_CODE = YES;
				CLANG_WARN__DUPLICATE_METHOD_MATCH = YES;
				COPY_PHASE_STRIP = NO;
				DEBUG_INFORMATION_FORMAT = dwarf;
				ENABLE_STRICT_OBJC_MSGSEND = YES;
				ENABLE_TESTABILITY = YES;
				GCC_C_LANGUAGE_STANDARD = gnu11;
				GCC_DYNAMIC_NO_PIC = NO;
				GCC_NO_COMMON_BLOCKS = YES;
				GCC_OPTIMIZATION_LEVEL = 0;
				GCC_PREPROCESSOR_DEFINITIONS = (
					"DEBUG=1",
					"$(inherited)",
				);
				GCC_WARN_64_TO_32_BIT_CONVERSION = YES;
				GCC_WARN_ABOUT_RETURN_TYPE = YES_ERROR;
				GCC_WARN_UNDECLARED_SELECTOR = YES;
				GCC_WARN_UNINITIALIZED_AUTOS = YES_AGGRESSIVE;
				GCC_WARN_UNUSED_FUNCTION = YES;
				GCC_WARN_UNUSED_VARIABLE = YES;
				IPHONEOS_DEPLOYMENT_TARGET = 16.2;
				MTL_ENABLE_DEBUG_INFO = INCLUDE_SOURCE;
				MTL_FAST_MATH = YES;
				ONLY_ACTIVE_ARCH = YES;
				SDKROOT = iphoneos;
				SWIFT_ACTIVE_COMPILATION_CONDITIONS = DEBUG;
				SWIFT_OPTIMIZATION_LEVEL = "-Onone";
			};
			name = Debug;
		};
		F90865DA2A062D3100E6F589 /* Release */ = {
			isa = XCBuildConfiguration;
			buildSettings = {
				ALWAYS_SEARCH_USER_PATHS = NO;
				CLANG_ANALYZER_NONNULL = YES;
				CLANG_ANALYZER_NUMBER_OBJECT_CONVERSION = YES_AGGRESSIVE;
				CLANG_CXX_LANGUAGE_STANDARD = "gnu++20";
				CLANG_ENABLE_MODULES = YES;
				CLANG_ENABLE_OBJC_ARC = YES;
				CLANG_ENABLE_OBJC_WEAK = YES;
				CLANG_WARN_BLOCK_CAPTURE_AUTORELEASING = YES;
				CLANG_WARN_BOOL_CONVERSION = YES;
				CLANG_WARN_COMMA = YES;
				CLANG_WARN_CONSTANT_CONVERSION = YES;
				CLANG_WARN_DEPRECATED_OBJC_IMPLEMENTATIONS = YES;
				CLANG_WARN_DIRECT_OBJC_ISA_USAGE = YES_ERROR;
				CLANG_WARN_DOCUMENTATION_COMMENTS = YES;
				CLANG_WARN_EMPTY_BODY = YES;
				CLANG_WARN_ENUM_CONVERSION = YES;
				CLANG_WARN_INFINITE_RECURSION = YES;
				CLANG_WARN_INT_CONVERSION = YES;
				CLANG_WARN_NON_LITERAL_NULL_CONVERSION = YES;
				CLANG_WARN_OBJC_IMPLICIT_RETAIN_SELF = YES;
				CLANG_WARN_OBJC_LITERAL_CONVERSION = YES;
				CLANG_WARN_OBJC_ROOT_CLASS = YES_ERROR;
				CLANG_WARN_QUOTED_INCLUDE_IN_FRAMEWORK_HEADER = YES;
				CLANG_WARN_RANGE_LOOP_ANALYSIS = YES;
				CLANG_WARN_STRICT_PROTOTYPES = YES;
				CLANG_WARN_SUSPICIOUS_MOVE = YES;
				CLANG_WARN_UNGUARDED_AVAILABILITY = YES_AGGRESSIVE;
				CLANG_WARN_UNREACHABLE_CODE = YES;
				CLANG_WARN__DUPLICATE_METHOD_MATCH = YES;
				COPY_PHASE_STRIP = NO;
				DEBUG_INFORMATION_FORMAT = "dwarf-with-dsym";
				ENABLE_NS_ASSERTIONS = NO;
				ENABLE_STRICT_OBJC_MSGSEND = YES;
				GCC_C_LANGUAGE_STANDARD = gnu11;
				GCC_NO_COMMON_BLOCKS = YES;
				GCC_WARN_64_TO_32_BIT_CONVERSION = YES;
				GCC_WARN_ABOUT_RETURN_TYPE = YES_ERROR;
				GCC_WARN_UNDECLARED_SELECTOR = YES;
				GCC_WARN_UNINITIALIZED_AUTOS = YES_AGGRESSIVE;
				GCC_WARN_UNUSED_FUNCTION = YES;
				GCC_WARN_UNUSED_VARIABLE = YES;
				IPHONEOS_DEPLOYMENT_TARGET = 16.2;
				MTL_ENABLE_DEBUG_INFO = NO;
				MTL_FAST_MATH = YES;
				SDKROOT = iphoneos;
				SWIFT_COMPILATION_MODE = wholemodule;
				SWIFT_OPTIMIZATION_LEVEL = "-O";
				VALIDATE_PRODUCT = YES;
			};
			name = Release;
		};
		F90865DC2A062D3100E6F589 /* Debug */ = {
			isa = XCBuildConfiguration;
			buildSettings = {
				ASSETCATALOG_COMPILER_APPICON_NAME = AppIcon;
				ASSETCATALOG_COMPILER_GLOBAL_ACCENT_COLOR_NAME = AccentColor;
				CODE_SIGN_STYLE = Automatic;
				CURRENT_PROJECT_VERSION = 1;
				DEVELOPMENT_ASSET_PATHS = "\"SwiftUIBootcamp/Preview Content\"";
				ENABLE_PREVIEWS = YES;
				GENERATE_INFOPLIST_FILE = YES;
				INFOPLIST_FILE = SwiftUIBootcamp/Info.plist;
				INFOPLIST_KEY_NSPhotoLibraryAddUsageDescription = "选择/保存生成的二维码";
				INFOPLIST_KEY_UIApplicationSupportsIndirectInputEvents = YES;
				INFOPLIST_KEY_UILaunchScreen_Generation = YES;
				INFOPLIST_KEY_UISupportedInterfaceOrientations_iPad = "UIInterfaceOrientationPortrait UIInterfaceOrientationPortraitUpsideDown UIInterfaceOrientationLandscapeLeft UIInterfaceOrientationLandscapeRight";
				INFOPLIST_KEY_UISupportedInterfaceOrientations_iPhone = "UIInterfaceOrientationPortrait UIInterfaceOrientationLandscapeLeft UIInterfaceOrientationLandscapeRight";
				LD_RUNPATH_SEARCH_PATHS = (
					"$(inherited)",
					"@executable_path/Frameworks",
				);
				MARKETING_VERSION = 1.0;
				PRODUCT_BUNDLE_IDENTIFIER = com.tianxiabuyi.www.SwiftUIBootcamp;
				PRODUCT_NAME = "$(TARGET_NAME)";
				SWIFT_EMIT_LOC_STRINGS = YES;
				SWIFT_VERSION = 5.0;
				TARGETED_DEVICE_FAMILY = "1,2";
			};
			name = Debug;
		};
		F90865DD2A062D3100E6F589 /* Release */ = {
			isa = XCBuildConfiguration;
			buildSettings = {
				ASSETCATALOG_COMPILER_APPICON_NAME = AppIcon;
				ASSETCATALOG_COMPILER_GLOBAL_ACCENT_COLOR_NAME = AccentColor;
				CODE_SIGN_STYLE = Automatic;
				CURRENT_PROJECT_VERSION = 1;
				DEVELOPMENT_ASSET_PATHS = "\"SwiftUIBootcamp/Preview Content\"";
				ENABLE_PREVIEWS = YES;
				GENERATE_INFOPLIST_FILE = YES;
				INFOPLIST_FILE = SwiftUIBootcamp/Info.plist;
				INFOPLIST_KEY_NSPhotoLibraryAddUsageDescription = "选择/保存生成的二维码";
				INFOPLIST_KEY_UIApplicationSupportsIndirectInputEvents = YES;
				INFOPLIST_KEY_UILaunchScreen_Generation = YES;
				INFOPLIST_KEY_UISupportedInterfaceOrientations_iPad = "UIInterfaceOrientationPortrait UIInterfaceOrientationPortraitUpsideDown UIInterfaceOrientationLandscapeLeft UIInterfaceOrientationLandscapeRight";
				INFOPLIST_KEY_UISupportedInterfaceOrientations_iPhone = "UIInterfaceOrientationPortrait UIInterfaceOrientationLandscapeLeft UIInterfaceOrientationLandscapeRight";
				LD_RUNPATH_SEARCH_PATHS = (
					"$(inherited)",
					"@executable_path/Frameworks",
				);
				MARKETING_VERSION = 1.0;
				PRODUCT_BUNDLE_IDENTIFIER = com.tianxiabuyi.www.SwiftUIBootcamp;
				PRODUCT_NAME = "$(TARGET_NAME)";
				SWIFT_EMIT_LOC_STRINGS = YES;
				SWIFT_VERSION = 5.0;
				TARGETED_DEVICE_FAMILY = "1,2";
			};
			name = Release;
		};
/* End XCBuildConfiguration section */

/* Begin XCConfigurationList section */
		F90865C82A062D3000E6F589 /* Build configuration list for PBXProject "SwiftUIBootcamp" */ = {
			isa = XCConfigurationList;
			buildConfigurations = (
				F90865D92A062D3100E6F589 /* Debug */,
				F90865DA2A062D3100E6F589 /* Release */,
			);
			defaultConfigurationIsVisible = 0;
			defaultConfigurationName = Release;
		};
		F90865DB2A062D3100E6F589 /* Build configuration list for PBXNativeTarget "SwiftUIBootcamp" */ = {
			isa = XCConfigurationList;
			buildConfigurations = (
				F90865DC2A062D3100E6F589 /* Debug */,
				F90865DD2A062D3100E6F589 /* Release */,
			);
			defaultConfigurationIsVisible = 0;
			defaultConfigurationName = Release;
		};
/* End XCConfigurationList section */
	};
	rootObject = F90865C52A062D3000E6F589 /* Project object */;
}
